
Microsoft Visual Studio Solution File, Format Version 12.00
Project("{2150E333-8FDC-42A3-9474-1A3956D46DE8}") = "src", "src", "{6723CB05-0A06-4C15-A4C2-E358E3E48164}"
EndProject
Project("{FAE04EC0-301F-11D3-BF4B-00C04F79EFBC}") = "Converter", "src\Converter\Converter.csproj", "{A5623684-8C95-445E-BA33-E0EDB06C69EA}"
EndProject
Global
	GlobalSection(SolutionConfigurationPlatforms) = preSolution
		Debug|Any CPU = Debug|Any CPU
		Release|Any CPU = Release|Any CPU
	EndGlobalSection
	GlobalSection(NestedProjects) = preSolution
		{A5623684-8C95-445E-BA33-E0EDB06C69EA} = {6723CB05-0A06-4C15-A4C2-E358E3E48164}
	EndGlobalSection
	GlobalSection(ProjectConfigurationPlatforms) = postSolution
		{A5623684-8C95-445E-BA33-E0EDB06C69EA}.Debug|Any CPU.ActiveCfg = Debug|Any CPU
		{A5623684-8C95-445E-BA33-E0EDB06C69EA}.Debug|Any CPU.Build.0 = Debug|Any CPU
		{A5623684-8C95-445E-BA33-E0EDB06C69EA}.Release|Any CPU.ActiveCfg = Release|Any CPU
		{A5623684-8C95-445E-BA33-E0EDB06C69EA}.Release|Any CPU.Build.0 = Release|Any CPU
	EndGlobalSection
EndGlobal
